
Microsoft Visual Studio Solution File, Format Version 12.00
# Visual Studio Version 16
VisualStudioVersion = 16.0.29009.5
MinimumVisualStudioVersion = 10.0.40219.1
Project("{FAE04EC0-301F-11D3-BF4B-00C04F79EFBC}") = "AI", "AI\AI.csproj", "{C3333F18-EB53-4D9A-985E-7CD9D436B4F7}"
EndProject
Global
	GlobalSection(SolutionConfigurationPlatforms) = preSolution
		Debug|Any CPU = Debug|Any CPU
		Release|Any CPU = Release|Any CPU
	EndGlobalSection
	GlobalSection(ProjectConfigurationPlatforms) = postSolution
		{C3333F18-EB53-4D9A-985E-7CD9D436B4F7}.Debug|Any CPU.ActiveCfg = Debug|Any CPU
		{C3333F18-EB53-4D9A-985E-7CD9D436B4F7}.Debug|Any CPU.Build.0 = Debug|Any CPU
		{C3333F18-EB53-4D9A-985E-7CD9D436B4F7}.Release|Any CPU.ActiveCfg = Release|Any CPU
		{C3333F18-EB53-4D9A-985E-7CD9D436B4F7}.Release|Any CPU.Build.0 = Release|Any CPU
	EndGlobalSection
	GlobalSection(SolutionProperties) = preSolution
		HideSolutionNode = FALSE
	EndGlobalSection
	GlobalSection(ExtensibilityGlobals) = postSolution
		SolutionGuid = {CDEBF954-DEB8-46C9-8B2E-E5922798F5FB}
	EndGlobalSection
EndGlobal
